
Microsoft Visual Studio Solution File, Format Version 12.00
# Visual Studio Version 17
VisualStudioVersion = 17.0.31903.59
MinimumVisualStudioVersion = 10.0.40219.1
Project("{9A19103F-16F7-4668-BE54-9A1E7A4F7556}") = "AttendanceCRM", "AttendanceCRM\AttendanceCRM.csproj", "{9235D1A7-38B9-43CA-BB77-B0F4A11B534F}"
EndProject
Project("{FAE04EC0-301F-11D3-BF4B-00C04F79EFBC}") = "AttendanceCRM.Test", "AttendanceCRM.Test\AttendanceCRM.Test.csproj", "{909731E3-64C2-4593-8A0E-01594AAEA91F}"
EndProject
Global
	GlobalSection(SolutionConfigurationPlatforms) = preSolution
		Debug|Any CPU = Debug|Any CPU
		Release|Any CPU = Release|Any CPU
	EndGlobalSection
	GlobalSection(ProjectConfigurationPlatforms) = postSolution
		{9235D1A7-38B9-43CA-BB77-B0F4A11B534F}.Debug|Any CPU.ActiveCfg = Debug|Any CPU
		{9235D1A7-38B9-43CA-BB77-B0F4A11B534F}.Debug|Any CPU.Build.0 = Debug|Any CPU
		{9235D1A7-38B9-43CA-BB77-B0F4A11B534F}.Release|Any CPU.ActiveCfg = Release|Any CPU
		{9235D1A7-38B9-43CA-BB77-B0F4A11B534F}.Release|Any CPU.Build.0 = Release|Any CPU
		{909731E3-64C2-4593-8A0E-01594AAEA91F}.Debug|Any CPU.ActiveCfg = Debug|Any CPU
		{909731E3-64C2-4593-8A0E-01594AAEA91F}.Debug|Any CPU.Build.0 = Debug|Any CPU
		{909731E3-64C2-4593-8A0E-01594AAEA91F}.Release|Any CPU.ActiveCfg = Release|Any CPU
		{909731E3-64C2-4593-8A0E-01594AAEA91F}.Release|Any CPU.Build.0 = Release|Any CPU
	EndGlobalSection
	GlobalSection(SolutionProperties) = preSolution
		HideSolutionNode = FALSE
	EndGlobalSection
	GlobalSection(ExtensibilityGlobals) = postSolution
		SolutionGuid = {D7DE6E89-BDBF-4EC8-B0A1-08FECCF3DE18}
	EndGlobalSection
EndGlobal
